// !$*UTF8*$!
{
	archiveVersion = 1;
	classes = {
	};
	objectVersion = 46;
	objects = {

/* Begin PBXBuildFile section */
		8E2A1A6E1ED6B33F0089C3C1 /* main.m in Sources */ = {isa = PBXBuildFile; fileRef = 8E2A1A6D1ED6B33F0089C3C1 /* main.m */; };
		8E2A1A711ED6B33F0089C3C1 /* AppDelegate.m in Sources */ = {isa = PBXBuildFile; fileRef = 8E2A1A701ED6B33F0089C3C1 /* AppDelegate.m */; };
		8E2A1A741ED6B33F0089C3C1 /* ViewController.m in Sources */ = {isa = PBXBuildFile; fileRef = 8E2A1A731ED6B33F0089C3C1 /* ViewController.m */; };
		8E2A1A771ED6B33F0089C3C1 /* Main.storyboard in Resources */ = {isa = PBXBuildFile; fileRef = 8E2A1A751ED6B33F0089C3C1 /* Main.storyboard */; };
		8E2A1A791ED6B33F0089C3C1 /* Assets.xcassets in Resources */ = {isa = PBXBuildFile; fileRef = 8E2A1A781ED6B33F0089C3C1 /* Assets.xcassets */; };
		8E2A1A7C1ED6B33F0089C3C1 /* LaunchScreen.storyboard in Resources */ = {isa = PBXBuildFile; fileRef = 8E2A1A7A1ED6B33F0089C3C1 /* LaunchScreen.storyboard */; };
/* End PBXBuildFile section */

/* Begin PBXFileReference section */
		8E2A1A691ED6B33F0089C3C1 /* ZBCalendar.app */ = {isa = PBXFileReference; explicitFileType = wrapper.application; includeInIndex = 0; path = ZBCalendar.app; sourceTree = BUILT_PRODUCTS_DIR; };
		8E2A1A6D1ED6B33F0089C3C1 /* main.m */ = {isa = PBXFileReference; lastKnownFileType = sourcecode.c.objc; path = main.m; sourceTree = "<group>"; };
		8E2A1A6F1ED6B33F0089C3C1 /* AppDelegate.h */ = {isa = PBXFileReference; lastKnownFileType = sourcecode.c.h; path = AppDelegate.h; sourceTree = "<group>"; };
		8E2A1A701ED6B33F0089C3C1 /* AppDelegate.m */ = {isa = PBXFileReference; lastKnownFileType = sourcecode.c.objc; path = AppDelegate.m; sourceTree = "<group>"; };
		8E2A1A721ED6B33F0089C3C1 /* ViewController.h */ = {isa = PBXFileReference; lastKnownFileType = sourcecode.c.h; path = ViewController.h; sourceTree = "<group>"; };
		8E2A1A731ED6B33F0089C3C1 /* ViewController.m */ = {isa = PBXFileReference; lastKnownFileType = sourcecode.c.objc; path = ViewController.m; sourceTree = "<group>"; };
		8E2A1A761ED6B33F0089C3C1 /* Base */ = {isa = PBXFileReference; lastKnownFileType = file.storyboard; name = Base; path = Base.lproj/Main.storyboard; sourceTree = "<group>"; };
		8E2A1A781ED6B33F0089C3C1 /* Assets.xcassets */ = {isa = PBXFileReference; lastKnownFileType = folder.assetcatalog; path = Assets.xcassets; sourceTree = "<group>"; };
		8E2A1A7B1ED6B33F0089C3C1 /* Base */ = {isa = PBXFileReference; lastKnownFileType = file.storyboard; name = Base; path = Base.lproj/LaunchScreen.storyboard; sourceTree = "<group>"; };
		8E2A1A7D1ED6B33F0089C3C1 /* Info.plist */ = {isa = PBXFileReference; lastKnownFileType = text.plist.xml; path = Info.plist; sourceTree = "<group>"; };
/* End PBXFileReference section */

/* Begin PBXFrameworksBuildPhase section */
		8E2A1A661ED6B33F0089C3C1 /* Frameworks */ = {
			isa = PBXFrameworksBuildPhase;
			buildActionMask = 2147483647;
			files = (
			);
			runOnlyForDeploymentPostprocessing = 0;
		};
/* End PBXFrameworksBuildPhase section */

/* Begin PBXGroup section */
		8E2A1A601ED6B33F0089C3C1 = {
			isa = PBXGroup;
			children = (
				8E2A1A6B1ED6B33F0089C3C1 /* ZBCalendar */,
				8E2A1A6A1ED6B33F0089C3C1 /* Products */,
			);
			sourceTree = "<group>";
		};
		8E2A1A6A1ED6B33F0089C3C1 /* Products */ = {
			isa = PBXGroup;
			children = (
				8E2A1A691ED6B33F0089C3C1 /* ZBCalendar.app */,
			);
			name = Products;
			sourceTree = "<group>";
		};
		8E2A1A6B1ED6B33F0089C3C1 /* ZBCalendar */ = {
			isa = PBXGroup;
			children = (
				8E2A1A6F1ED6B33F0089C3C1 /* AppDelegate.h */,
				8E2A1A701ED6B33F0089C3C1 /* AppDelegate.m */,
				8E2A1A721ED6B33F0089C3C1 /* ViewController.h */,
				8E2A1A731ED6B33F0089C3C1 /* ViewController.m */,
				8E2A1A751ED6B33F0089C3C1 /* Main.storyboard */,
				8E2A1A781ED6B33F0089C3C1 /* Assets.xcassets */,
				8E2A1A7A1ED6B33F0089C3C1 /* LaunchScreen.storyboard */,
				8E2A1A7D1ED6B33F0089C3C1 /* Info.plist */,
				8E2A1A6C1ED6B33F0089C3C1 /* Supporting Files */,
			);
			path = ZBCalendar;
			sourceTree = "<group>";
		};
		8E2A1A6C1ED6B33F0089C3C1 /* Supporting Files */ = {
			isa = PBXGroup;
			children = (
				8E2A1A6D1ED6B33F0089C3C1 /* main.m */,
			);
			name = "Supporting Files";
			sourceTree = "<group>";
		};
/* End PBXGroup section */

/* Begin PBXNativeTarget section */
		8E2A1A681ED6B33F0089C3C1 /* ZBCalendar */ = {
			isa = PBXNativeTarget;
			buildConfigurationList = 8E2A1A801ED6B33F0089C3C1 /* Build configuration list for PBXNativeTarget "ZBCalendar" */;
			buildPhases = (
				8E2A1A651ED6B33F0089C3C1 /* Sources */,
				8E2A1A661ED6B33F0089C3C1 /* Frameworks */,
				8E2A1A671ED6B33F0089C3C1 /* Resources */,
			);
			buildRules = (
			);
			dependencies = (
			);
			name = ZBCalendar;
			productName = ZBCalendar;
			productReference = 8E2A1A691ED6B33F0089C3C1 /* ZBCalendar.app */;
			productType = "com.apple.product-type.application";
		};
/* End PBXNativeTarget section */

/* Begin PBXProject section */
		8E2A1A611ED6B33F0089C3C1 /* Project object */ = {
			isa = PBXProject;
			attributes = {
				LastUpgradeCheck = 0830;
				ORGANIZATIONNAME = "清科";
				TargetAttributes = {
					8E2A1A681ED6B33F0089C3C1 = {
						CreatedOnToolsVersion = 8.3.2;
						DevelopmentTeam = 48LJY67UZE;
						ProvisioningStyle = Automatic;
					};
				};
			};
			buildConfigurationList = 8E2A1A641ED6B33F0089C3C1 /* Build configuration list for PBXProject "ZBCalendar" */;
			compatibilityVersion = "Xcode 3.2";
			developmentRegion = English;
			hasScannedForEncodings = 0;
			knownRegions = (
				en,
				Base,
			);
			mainGroup = 8E2A1A601ED6B33F0089C3C1;
			productRefGroup = 8E2A1A6A1ED6B33F0089C3C1 /* Products */;
			projectDirPath = "";
			projectRoot = "";
			targets = (
				8E2A1A681ED6B33F0089C3C1 /* ZBCalendar */,
			);
		};
/* End PBXProject section */

/* Begin PBXResourcesBuildPhase section */
		8E2A1A671ED6B33F0089C3C1 /* Resources */ = {
			isa = PBXResourcesBuildPhase;
			buildActionMask = 2147483647;
			files = (
				8E2A1A7C1ED6B33F0089C3C1 /* LaunchScreen.storyboard in Resources */,
				8E2A1A791ED6B33F0089C3C1 /* Assets.xcassets in Resources */,
				8E2A1A771ED6B33F0089C3C1 /* Main.storyboard in Resources */,
			);
			runOnlyForDeploymentPostprocessing = 0;
		};
/* End PBXResourcesBuildPhase section */

/* Begin PBXSourcesBuildPhase section */
		8E2A1A651ED6B33F0089C3C1 /* Sources */ = {
			isa = PBXSourcesBuildPhase;
			buildActionMask = 2147483647;
			files = (
				8E2A1A741ED6B33F0089C3C1 /* ViewController.m in Sources */,
				8E2A1A711ED6B33F0089C3C1 /* AppDelegate.m in Sources */,
				8E2A1A6E1ED6B33F0089C3C1 /* main.m in Sources */,
			);
			runOnlyForDeploymentPostprocessing = 0;
		};
/* End PBXSourcesBuildPhase section */

/* Begin PBXVariantGroup section */
		8E2A1A751ED6B33F0089C3C1 /* Main.storyboard */ = {
			isa = PBXVariantGroup;
			children = (
				8E2A1A761ED6B33F0089C3C1 /* Base */,
			);
			name = Main.storyboard;
			sourceTree = "<group>";
		};
		8E2A1A7A1ED6B33F0089C3C1 /* LaunchScreen.storyboard */ = {
			isa = PBXVariantGroup;
			children = (
				8E2A1A7B1ED6B33F0089C3C1 /* Base */,
			);
			name = LaunchScreen.storyboard;
			sourceTree = "<group>";
		};
/* End PBXVariantGroup section */

/* Begin XCBuildConfiguration section */
		8E2A1A7E1ED6B33F0089C3C1 /* Debug */ = {
			isa = XCBuildConfiguration;
			buildSettings = {
				ALWAYS_SEARCH_USER_PATHS = NO;
				CLANG_ANALYZER_NONNULL = YES;
				CLANG_ANALYZER_NUMBER_OBJECT_CONVERSION = YES_AGGRESSIVE;
				CLANG_CXX_LANGUAGE_STANDARD = "gnu++0x";
				CLANG_CXX_LIBRARY = "libc++";
				CLANG_ENABLE_MODULES = YES;
				CLANG_ENABLE_OBJC_ARC = YES;
				CLANG_WARN_BOOL_CONVERSION = YES;
				CLANG_WARN_CONSTANT_CONVERSION = YES;
				CLANG_WARN_DIRECT_OBJC_ISA_USAGE = YES_ERROR;
				CLANG_WARN_DOCUMENTATION_COMMENTS = YES;
				CLANG_WARN_EMPTY_BODY = YES;
				CLANG_WARN_ENUM_CONVERSION = YES;
				CLANG_WARN_INFINITE_RECURSION = YES;
				CLANG_WARN_INT_CONVERSION = YES;
				CLANG_WARN_OBJC_ROOT_CLASS = YES_ERROR;
				CLANG_WARN_SUSPICIOUS_MOVE = YES;
				CLANG_WARN_UNREACHABLE_CODE = YES;
				CLANG_WARN__DUPLICATE_METHOD_MATCH = YES;
				"CODE_SIGN_IDENTITY[sdk=iphoneos*]" = "iPhone Developer";
				COPY_PHASE_STRIP = NO;
				DEBUG_INFORMATION_FORMAT = dwarf;
				ENABLE_STRICT_OBJC_MSGSEND = YES;
				ENABLE_TESTABILITY = YES;
				GCC_C_LANGUAGE_STANDARD = gnu99;
				GCC_DYNAMIC_NO_PIC = NO;
				GCC_NO_COMMON_BLOCKS = YES;
				GCC_OPTIMIZATION_LEVEL = 0;
				GCC_PREPROCESSOR_DEFINITIONS = (
					"DEBUG=1",
					"$(inherited)",
				);
				GCC_WARN_64_TO_32_BIT_CONVERSION = YES;
				GCC_WARN_ABOUT_RETURN_TYPE = YES_ERROR;
				GCC_WARN_UNDECLARED_SELECTOR = YES;
				GCC_WARN_UNINITIALIZED_AUTOS = YES_AGGRESSIVE;
				GCC_WARN_UNUSED_FUNCTION = YES;
				GCC_WARN_UNUSED_VARIABLE = YES;
				IPHONEOS_DEPLOYMENT_TARGET = 10.3;
				MTL_ENABLE_DEBUG_INFO = YES;
				ONLY_ACTIVE_ARCH = YES;
				SDKROOT = iphoneos;
			};
			name = Debug;
		};
		8E2A1A7F1ED6B33F0089C3C1 /* Release */ = {
			isa = XCBuildConfiguration;
			buildSettings = {
				ALWAYS_SEARCH_USER_PATHS = NO;
				CLANG_ANALYZER_NONNULL = YES;
				CLANG_ANALYZER_NUMBER_OBJECT_CONVERSION = YES_AGGRESSIVE;
				CLANG_CXX_LANGUAGE_STANDARD = "gnu++0x";
				CLANG_CXX_LIBRARY = "libc++";
				CLANG_ENABLE_MODULES = YES;
				CLANG_ENABLE_OBJC_ARC = YES;
				CLANG_WARN_BOOL_CONVERSION = YES;
				CLANG_WARN_CONSTANT_CONVERSION = YES;
				CLANG_WARN_DIRECT_OBJC_ISA_USAGE = YES_ERROR;
				CLANG_WARN_DOCUMENTATION_COMMENTS = YES;
				CLANG_WARN_EMPTY_BODY = YES;
				CLANG_WARN_ENUM_CONVERSION = YES;
				CLANG_WARN_INFINITE_RECURSION = YES;
				CLANG_WARN_INT_CONVERSION = YES;
				CLANG_WARN_OBJC_ROOT_CLASS = YES_ERROR;
				CLANG_WARN_SUSPICIOUS_MOVE = YES;
				CLANG_WARN_UNREACHABLE_CODE = YES;
				CLANG_WARN__DUPLICATE_METHOD_MATCH = YES;
				"CODE_SIGN_IDENTITY[sdk=iphoneos*]" = "iPhone Developer";
				COPY_PHASE_STRIP = NO;
				DEBUG_INFORMATION_FORMAT = "dwarf-with-dsym";
				ENABLE_NS_ASSERTIONS = NO;
				ENABLE_STRICT_OBJC_MSGSEND = YES;
				GCC_C_LANGUAGE_STANDARD = gnu99;
				GCC_NO_COMMON_BLOCKS = YES;
				GCC_WARN_64_TO_32_BIT_CONVERSION = YES;
				GCC_WARN_ABOUT_RETURN_TYPE = YES_ERROR;
				GCC_WARN_UNDECLARED_SELECTOR = YES;
				GCC_WARN_UNINITIALIZED_AUTOS = YES_AGGRESSIVE;
				GCC_WARN_UNUSED_FUNCTION = YES;
				GCC_WARN_UNUSED_VARIABLE = YES;
				IPHONEOS_DEPLOYMENT_TARGET = 10.3;
				MTL_ENABLE_DEBUG_INFO = NO;
				SDKROOT = iphoneos;
				VALIDATE_PRODUCT = YES;
			};
			name = Release;
		};
		8E2A1A811ED6B33F0089C3C1 /* Debug */ = {
			isa = XCBuildConfiguration;
			buildSettings = {
				ASSETCATALOG_COMPILER_APPICON_NAME = AppIcon;
				DEVELOPMENT_TEAM = 48LJY67UZE;
				INFOPLIST_FILE = ZBCalendar/Info.plist;
				LD_RUNPATH_SEARCH_PATHS = "$(inherited) @executable_path/Frameworks";
				PRODUCT_BUNDLE_IDENTIFIER = co.wecity.ZBCalendar;
				PRODUCT_NAME = "$(TARGET_NAME)";
			};
			name = Debug;
		};
		8E2A1A821ED6B33F0089C3C1 /* Release */ = {
			isa = XCBuildConfiguration;
			buildSettings = {
				ASSETCATALOG_COMPILER_APPICON_NAME = AppIcon;
				DEVELOPMENT_TEAM = 48LJY67UZE;
				INFOPLIST_FILE = ZBCalendar/Info.plist;
				LD_RUNPATH_SEARCH_PATHS = "$(inherited) @executable_path/Frameworks";
				PRODUCT_BUNDLE_IDENTIFIER = co.wecity.ZBCalendar;
				PRODUCT_NAME = "$(TARGET_NAME)";
			};
			name = Release;
		};
/* End XCBuildConfiguration section */

/* Begin XCConfigurationList section */
		8E2A1A641ED6B33F0089C3C1 /* Build configuration list for PBXProject "ZBCalendar" */ = {
			isa = XCConfigurationList;
			buildConfigurations = (
				8E2A1A7E1ED6B33F0089C3C1 /* Debug */,
				8E2A1A7F1ED6B33F0089C3C1 /* Release */,
			);
			defaultConfigurationIsVisible = 0;
			defaultConfigurationName = Release;
		};
		8E2A1A801ED6B33F0089C3C1 /* Build configuration list for PBXNativeTarget "ZBCalendar" */ = {
			isa = XCConfigurationList;
			buildConfigurations = (
				8E2A1A811ED6B33F0089C3C1 /* Debug */,
				8E2A1A821ED6B33F0089C3C1 /* Release */,
			);
			defaultConfigurationIsVisible = 0;
		};
/* End XCConfigurationList section */
	};
	rootObject = 8E2A1A611ED6B33F0089C3C1 /* Project object */;
}
